{
  "requires": true,
  "lockfileVersion": 1,
  "dependencies": {
    "pdfobject": {
      "version": "2.2.4",
      "resolved": "https://registry.npmjs.org/pdfobject/-/pdfobject-2.2.4.tgz",
      "integrity": "sha512-r6Rw9CQWsrY6uqmKvlgFNoupmuRbSt9EsG0sZhSAy3cIk4WgOXyAVmebFSlLhqj6gA5NIEXL3lSEbwOOYfdUvw=="
    }
  }
}
